
Microsoft Visual Studio Solution File, Format Version 12.00
# Visual Studio Version 16
VisualStudioVersion = 16.0.30611.23
MinimumVisualStudioVersion = 10.0.40219.1
Project("{FAE04EC0-301F-11D3-BF4B-00C04F79EFBC}") = "Pop_Stefana_Lab2", "Pop_Stefana_Lab2.csproj", "{9D7CD0FF-9587-49D1-893E-D1A8225A2750}"
EndProject
Global
	GlobalSection(SolutionConfigurationPlatforms) = preSolution
		Debug|Any CPU = Debug|Any CPU
		Release|Any CPU = Release|Any CPU
	EndGlobalSection
	GlobalSection(ProjectConfigurationPlatforms) = postSolution
		{9D7CD0FF-9587-49D1-893E-D1A8225A2750}.Debug|Any CPU.ActiveCfg = Debug|Any CPU
		{9D7CD0FF-9587-49D1-893E-D1A8225A2750}.Debug|Any CPU.Build.0 = Debug|Any CPU
		{9D7CD0FF-9587-49D1-893E-D1A8225A2750}.Release|Any CPU.ActiveCfg = Release|Any CPU
		{9D7CD0FF-9587-49D1-893E-D1A8225A2750}.Release|Any CPU.Build.0 = Release|Any CPU
	EndGlobalSection
	GlobalSection(SolutionProperties) = preSolution
		HideSolutionNode = FALSE
	EndGlobalSection
	GlobalSection(ExtensibilityGlobals) = postSolution
		SolutionGuid = {A4C81FC4-EF50-4B6C-989B-7BBBB4F14922}
	EndGlobalSection
EndGlobal
